
Microsoft Visual Studio Solution File, Format Version 12.00
# Visual Studio Version 17
VisualStudioVersion = 17.1.32328.378
MinimumVisualStudioVersion = 10.0.40219.1
Project("{9A19103F-16F7-4668-BE54-9A1E7A4F7556}") = "EmployeesApi", "EmployeesApi\EmployeesApi.csproj", "{573241E7-A6BA-4937-9501-4D10DEAA409A}"
EndProject
Project("{FAE04EC0-301F-11D3-BF4B-00C04F79EFBC}") = "SalaryApi", "SalaryApi\SalaryApi.csproj", "{EA8ED961-9FF5-4D41-B8B2-7D7831829418}"
EndProject
Global
	GlobalSection(SolutionConfigurationPlatforms) = preSolution
		Debug|Any CPU = Debug|Any CPU
		Release|Any CPU = Release|Any CPU
	EndGlobalSection
	GlobalSection(ProjectConfigurationPlatforms) = postSolution
		{573241E7-A6BA-4937-9501-4D10DEAA409A}.Debug|Any CPU.ActiveCfg = Debug|Any CPU
		{573241E7-A6BA-4937-9501-4D10DEAA409A}.Debug|Any CPU.Build.0 = Debug|Any CPU
		{573241E7-A6BA-4937-9501-4D10DEAA409A}.Release|Any CPU.ActiveCfg = Release|Any CPU
		{573241E7-A6BA-4937-9501-4D10DEAA409A}.Release|Any CPU.Build.0 = Release|Any CPU
		{EA8ED961-9FF5-4D41-B8B2-7D7831829418}.Debug|Any CPU.ActiveCfg = Debug|Any CPU
		{EA8ED961-9FF5-4D41-B8B2-7D7831829418}.Debug|Any CPU.Build.0 = Debug|Any CPU
		{EA8ED961-9FF5-4D41-B8B2-7D7831829418}.Release|Any CPU.ActiveCfg = Release|Any CPU
		{EA8ED961-9FF5-4D41-B8B2-7D7831829418}.Release|Any CPU.Build.0 = Release|Any CPU
	EndGlobalSection
	GlobalSection(SolutionProperties) = preSolution
		HideSolutionNode = FALSE
	EndGlobalSection
	GlobalSection(ExtensibilityGlobals) = postSolution
		SolutionGuid = {25A9E7E2-04EA-4CAD-8EB7-655F7FBC0FE9}
	EndGlobalSection
EndGlobal
